
Microsoft Visual Studio Solution File, Format Version 12.00
# Visual Studio Version 16
VisualStudioVersion = 16.0.30804.86
MinimumVisualStudioVersion = 10.0.40219.1
Project("{FAE04EC0-301F-11D3-BF4B-00C04F79EFBC}") = "Cimena_App", "Cimena_App\Cimena_App.csproj", "{91EEB232-4553-466C-9AE1-36FC9B42DE05}"
EndProject
Global
	GlobalSection(SolutionConfigurationPlatforms) = preSolution
		Debug|Any CPU = Debug|Any CPU
		Release|Any CPU = Release|Any CPU
	EndGlobalSection
	GlobalSection(ProjectConfigurationPlatforms) = postSolution
		{91EEB232-4553-466C-9AE1-36FC9B42DE05}.Debug|Any CPU.ActiveCfg = Debug|Any CPU
		{91EEB232-4553-466C-9AE1-36FC9B42DE05}.Debug|Any CPU.Build.0 = Debug|Any CPU
		{91EEB232-4553-466C-9AE1-36FC9B42DE05}.Release|Any CPU.ActiveCfg = Release|Any CPU
		{91EEB232-4553-466C-9AE1-36FC9B42DE05}.Release|Any CPU.Build.0 = Release|Any CPU
	EndGlobalSection
	GlobalSection(SolutionProperties) = preSolution
		HideSolutionNode = FALSE
	EndGlobalSection
	GlobalSection(ExtensibilityGlobals) = postSolution
		SolutionGuid = {355C0866-61BF-4F17-B869-C9B2950EE009}
	EndGlobalSection
EndGlobal
